// !$*UTF8*$!
{
	archiveVersion = 1;
	classes = {
	};
	objectVersion = 50;
	objects = {

/* Begin PBXBuildFile section */
		BA53E4DB222D9EEB00C65890 /* AppDelegate.swift in Sources */ = {isa = PBXBuildFile; fileRef = BA53E4DA222D9EEB00C65890 /* AppDelegate.swift */; };
		BA53E4DD222D9EEB00C65890 /* ViewController.swift in Sources */ = {isa = PBXBuildFile; fileRef = BA53E4DC222D9EEB00C65890 /* ViewController.swift */; };
		BA53E4E0222D9EEB00C65890 /* Main.storyboard in Resources */ = {isa = PBXBuildFile; fileRef = BA53E4DE222D9EEB00C65890 /* Main.storyboard */; };
		BA53E4E2222D9EED00C65890 /* Assets.xcassets in Resources */ = {isa = PBXBuildFile; fileRef = BA53E4E1222D9EED00C65890 /* Assets.xcassets */; };
		BA53E4E5222D9EED00C65890 /* LaunchScreen.storyboard in Resources */ = {isa = PBXBuildFile; fileRef = BA53E4E3222D9EED00C65890 /* LaunchScreen.storyboard */; };
		BA53E4F0222D9EED00C65890 /* DiceeTests.swift in Sources */ = {isa = PBXBuildFile; fileRef = BA53E4EF222D9EED00C65890 /* DiceeTests.swift */; };
		BA53E4FB222D9EED00C65890 /* DiceeUITests.swift in Sources */ = {isa = PBXBuildFile; fileRef = BA53E4FA222D9EED00C65890 /* DiceeUITests.swift */; };
/* End PBXBuildFile section */

/* Begin PBXContainerItemProxy section */
		BA53E4EC222D9EED00C65890 /* PBXContainerItemProxy */ = {
			isa = PBXContainerItemProxy;
			containerPortal = BA53E4CF222D9EEB00C65890 /* Project object */;
			proxyType = 1;
			remoteGlobalIDString = BA53E4D6222D9EEB00C65890;
			remoteInfo = Dicee;
		};
		BA53E4F7222D9EED00C65890 /* PBXContainerItemProxy */ = {
			isa = PBXContainerItemProxy;
			containerPortal = BA53E4CF222D9EEB00C65890 /* Project object */;
			proxyType = 1;
			remoteGlobalIDString = BA53E4D6222D9EEB00C65890;
			remoteInfo = Dicee;
		};
/* End PBXContainerItemProxy section */

/* Begin PBXFileReference section */
		BA53E4D7222D9EEB00C65890 /* Dicee.app */ = {isa = PBXFileReference; explicitFileType = wrapper.application; includeInIndex = 0; path = Dicee.app; sourceTree = BUILT_PRODUCTS_DIR; };
		BA53E4DA222D9EEB00C65890 /* AppDelegate.swift */ = {isa = PBXFileReference; lastKnownFileType = sourcecode.swift; path = AppDelegate.swift; sourceTree = "<group>"; };
		BA53E4DC222D9EEB00C65890 /* ViewController.swift */ = {isa = PBXFileReference; lastKnownFileType = sourcecode.swift; path = ViewController.swift; sourceTree = "<group>"; };
		BA53E4DF222D9EEB00C65890 /* Base */ = {isa = PBXFileReference; lastKnownFileType = file.storyboard; name = Base; path = Base.lproj/Main.storyboard; sourceTree = "<group>"; };
		BA53E4E1222D9EED00C65890 /* Assets.xcassets */ = {isa = PBXFileReference; lastKnownFileType = folder.assetcatalog; path = Assets.xcassets; sourceTree = "<group>"; };
		BA53E4E4222D9EED00C65890 /* Base */ = {isa = PBXFileReference; lastKnownFileType = file.storyboard; name = Base; path = Base.lproj/LaunchScreen.storyboard; sourceTree = "<group>"; };
		BA53E4E6222D9EED00C65890 /* Info.plist */ = {isa = PBXFileReference; lastKnownFileType = text.plist.xml; path = Info.plist; sourceTree = "<group>"; };
		BA53E4EB222D9EED00C65890 /* DiceeTests.xctest */ = {isa = PBXFileReference; explicitFileType = wrapper.cfbundle; includeInIndex = 0; path = DiceeTests.xctest; sourceTree = BUILT_PRODUCTS_DIR; };
		BA53E4EF222D9EED00C65890 /* DiceeTests.swift */ = {isa = PBXFileReference; lastKnownFileType = sourcecode.swift; path = DiceeTests.swift; sourceTree = "<group>"; };
		BA53E4F1222D9EED00C65890 /* Info.plist */ = {isa = PBXFileReference; lastKnownFileType = text.plist.xml; path = Info.plist; sourceTree = "<group>"; };
		BA53E4F6222D9EED00C65890 /* DiceeUITests.xctest */ = {isa = PBXFileReference; explicitFileType = wrapper.cfbundle; includeInIndex = 0; path = DiceeUITests.xctest; sourceTree = BUILT_PRODUCTS_DIR; };
		BA53E4FA222D9EED00C65890 /* DiceeUITests.swift */ = {isa = PBXFileReference; lastKnownFileType = sourcecode.swift; path = DiceeUITests.swift; sourceTree = "<group>"; };
		BA53E4FC222D9EED00C65890 /* Info.plist */ = {isa = PBXFileReference; lastKnownFileType = text.plist.xml; path = Info.plist; sourceTree = "<group>"; };
/* End PBXFileReference section */

/* Begin PBXFrameworksBuildPhase section */
		BA53E4D4222D9EEB00C65890 /* Frameworks */ = {
			isa = PBXFrameworksBuildPhase;
			buildActionMask = 2147483647;
			files = (
			);
			runOnlyForDeploymentPostprocessing = 0;
		};
		BA53E4E8222D9EED00C65890 /* Frameworks */ = {
			isa = PBXFrameworksBuildPhase;
			buildActionMask = 2147483647;
			files = (
			);
			runOnlyForDeploymentPostprocessing = 0;
		};
		BA53E4F3222D9EED00C65890 /* Frameworks */ = {
			isa = PBXFrameworksBuildPhase;
			buildActionMask = 2147483647;
			files = (
			);
			runOnlyForDeploymentPostprocessing = 0;
		};
/* End PBXFrameworksBuildPhase section */

/* Begin PBXGroup section */
		BA53E4CE222D9EEB00C65890 = {
			isa = PBXGroup;
			children = (
				BA53E4D9222D9EEB00C65890 /* Dicee */,
				BA53E4EE222D9EED00C65890 /* DiceeTests */,
				BA53E4F9222D9EED00C65890 /* DiceeUITests */,
				BA53E4D8222D9EEB00C65890 /* Products */,
			);
			sourceTree = "<group>";
		};
		BA53E4D8222D9EEB00C65890 /* Products */ = {
			isa = PBXGroup;
			children = (
				BA53E4D7222D9EEB00C65890 /* Dicee.app */,
				BA53E4EB222D9EED00C65890 /* DiceeTests.xctest */,
				BA53E4F6222D9EED00C65890 /* DiceeUITests.xctest */,
			);
			name = Products;
			sourceTree = "<group>";
		};
		BA53E4D9222D9EEB00C65890 /* Dicee */ = {
			isa = PBXGroup;
			children = (
				BA53E4DA222D9EEB00C65890 /* AppDelegate.swift */,
				BA53E4DC222D9EEB00C65890 /* ViewController.swift */,
				BA53E4DE222D9EEB00C65890 /* Main.storyboard */,
				BA53E4E1222D9EED00C65890 /* Assets.xcassets */,
				BA53E4E3222D9EED00C65890 /* LaunchScreen.storyboard */,
				BA53E4E6222D9EED00C65890 /* Info.plist */,
			);
			path = Dicee;
			sourceTree = "<group>";
		};
		BA53E4EE222D9EED00C65890 /* DiceeTests */ = {
			isa = PBXGroup;
			children = (
				BA53E4EF222D9EED00C65890 /* DiceeTests.swift */,
				BA53E4F1222D9EED00C65890 /* Info.plist */,
			);
			path = DiceeTests;
			sourceTree = "<group>";
		};
		BA53E4F9222D9EED00C65890 /* DiceeUITests */ = {
			isa = PBXGroup;
			children = (
				BA53E4FA222D9EED00C65890 /* DiceeUITests.swift */,
				BA53E4FC222D9EED00C65890 /* Info.plist */,
			);
			path = DiceeUITests;
			sourceTree = "<group>";
		};
/* End PBXGroup section */

/* Begin PBXNativeTarget section */
		BA53E4D6222D9EEB00C65890 /* Dicee */ = {
			isa = PBXNativeTarget;
			buildConfigurationList = BA53E4FF222D9EED00C65890 /* Build configuration list for PBXNativeTarget "Dicee" */;
			buildPhases = (
				BA53E4D3222D9EEB00C65890 /* Sources */,
				BA53E4D4222D9EEB00C65890 /* Frameworks */,
				BA53E4D5222D9EEB00C65890 /* Resources */,
			);
			buildRules = (
			);
			dependencies = (
			);
			name = Dicee;
			productName = Dicee;
			productReference = BA53E4D7222D9EEB00C65890 /* Dicee.app */;
			productType = "com.apple.product-type.application";
		};
		BA53E4EA222D9EED00C65890 /* DiceeTests */ = {
			isa = PBXNativeTarget;
			buildConfigurationList = BA53E502222D9EED00C65890 /* Build configuration list for PBXNativeTarget "DiceeTests" */;
			buildPhases = (
				BA53E4E7222D9EED00C65890 /* Sources */,
				BA53E4E8222D9EED00C65890 /* Frameworks */,
				BA53E4E9222D9EED00C65890 /* Resources */,
			);
			buildRules = (
			);
			dependencies = (
				BA53E4ED222D9EED00C65890 /* PBXTargetDependency */,
			);
			name = DiceeTests;
			productName = DiceeTests;
			productReference = BA53E4EB222D9EED00C65890 /* DiceeTests.xctest */;
			productType = "com.apple.product-type.bundle.unit-test";
		};
		BA53E4F5222D9EED00C65890 /* DiceeUITests */ = {
			isa = PBXNativeTarget;
			buildConfigurationList = BA53E505222D9EED00C65890 /* Build configuration list for PBXNativeTarget "DiceeUITests" */;
			buildPhases = (
				BA53E4F2222D9EED00C65890 /* Sources */,
				BA53E4F3222D9EED00C65890 /* Frameworks */,
				BA53E4F4222D9EED00C65890 /* Resources */,
			);
			buildRules = (
			);
			dependencies = (
				BA53E4F8222D9EED00C65890 /* PBXTargetDependency */,
			);
			name = DiceeUITests;
			productName = DiceeUITests;
			productReference = BA53E4F6222D9EED00C65890 /* DiceeUITests.xctest */;
			productType = "com.apple.product-type.bundle.ui-testing";
		};
/* End PBXNativeTarget section */

/* Begin PBXProject section */
		BA53E4CF222D9EEB00C65890 /* Project object */ = {
			isa = PBXProject;
			attributes = {
				LastSwiftUpdateCheck = 1010;
				LastUpgradeCheck = 1010;
				ORGANIZATIONNAME = "Christian Engelberth Olsen";
				TargetAttributes = {
					BA53E4D6222D9EEB00C65890 = {
						CreatedOnToolsVersion = 10.1;
						LastSwiftMigration = 1020;
					};
					BA53E4EA222D9EED00C65890 = {
						CreatedOnToolsVersion = 10.1;
						LastSwiftMigration = 1020;
						TestTargetID = BA53E4D6222D9EEB00C65890;
					};
					BA53E4F5222D9EED00C65890 = {
						CreatedOnToolsVersion = 10.1;
						LastSwiftMigration = 1020;
						TestTargetID = BA53E4D6222D9EEB00C65890;
					};
				};
			};
			buildConfigurationList = BA53E4D2222D9EEB00C65890 /* Build configuration list for PBXProject "Dicee" */;
			compatibilityVersion = "Xcode 9.3";
			developmentRegion = en;
			hasScannedForEncodings = 0;
			knownRegions = (
				en,
				Base,
			);
			mainGroup = BA53E4CE222D9EEB00C65890;
			productRefGroup = BA53E4D8222D9EEB00C65890 /* Products */;
			projectDirPath = "";
			projectRoot = "";
			targets = (
				BA53E4D6222D9EEB00C65890 /* Dicee */,
				BA53E4EA222D9EED00C65890 /* DiceeTests */,
				BA53E4F5222D9EED00C65890 /* DiceeUITests */,
			);
		};
/* End PBXProject section */

/* Begin PBXResourcesBuildPhase section */
		BA53E4D5222D9EEB00C65890 /* Resources */ = {
			isa = PBXResourcesBuildPhase;
			buildActionMask = 2147483647;
			files = (
				BA53E4E5222D9EED00C65890 /* LaunchScreen.storyboard in Resources */,
				BA53E4E2222D9EED00C65890 /* Assets.xcassets in Resources */,
				BA53E4E0222D9EEB00C65890 /* Main.storyboard in Resources */,
			);
			runOnlyForDeploymentPostprocessing = 0;
		};
		BA53E4E9222D9EED00C65890 /* Resources */ = {
			isa = PBXResourcesBuildPhase;
			buildActionMask = 2147483647;
			files = (
			);
			runOnlyForDeploymentPostprocessing = 0;
		};
		BA53E4F4222D9EED00C65890 /* Resources */ = {
			isa = PBXResourcesBuildPhase;
			buildActionMask = 2147483647;
			files = (
			);
			runOnlyForDeploymentPostprocessing = 0;
		};
/* End PBXResourcesBuildPhase section */

/* Begin PBXSourcesBuildPhase section */
		BA53E4D3222D9EEB00C65890 /* Sources */ = {
			isa = PBXSourcesBuildPhase;
			buildActionMask = 2147483647;
			files = (
				BA53E4DD222D9EEB00C65890 /* ViewController.swift in Sources */,
				BA53E4DB222D9EEB00C65890 /* AppDelegate.swift in Sources */,
			);
			runOnlyForDeploymentPostprocessing = 0;
		};
		BA53E4E7222D9EED00C65890 /* Sources */ = {
			isa = PBXSourcesBuildPhase;
			buildActionMask = 2147483647;
			files = (
				BA53E4F0222D9EED00C65890 /* DiceeTests.swift in Sources */,
			);
			runOnlyForDeploymentPostprocessing = 0;
		};
		BA53E4F2222D9EED00C65890 /* Sources */ = {
			isa = PBXSourcesBuildPhase;
			buildActionMask = 2147483647;
			files = (
				BA53E4FB222D9EED00C65890 /* DiceeUITests.swift in Sources */,
			);
			runOnlyForDeploymentPostprocessing = 0;
		};
/* End PBXSourcesBuildPhase section */

/* Begin PBXTargetDependency section */
		BA53E4ED222D9EED00C65890 /* PBXTargetDependency */ = {
			isa = PBXTargetDependency;
			target = BA53E4D6222D9EEB00C65890 /* Dicee */;
			targetProxy = BA53E4EC222D9EED00C65890 /* PBXContainerItemProxy */;
		};
		BA53E4F8222D9EED00C65890 /* PBXTargetDependency */ = {
			isa = PBXTargetDependency;
			target = BA53E4D6222D9EEB00C65890 /* Dicee */;
			targetProxy = BA53E4F7222D9EED00C65890 /* PBXContainerItemProxy */;
		};
/* End PBXTargetDependency section */

/* Begin PBXVariantGroup section */
		BA53E4DE222D9EEB00C65890 /* Main.storyboard */ = {
			isa = PBXVariantGroup;
			children = (
				BA53E4DF222D9EEB00C65890 /* Base */,
			);
			name = Main.storyboard;
			sourceTree = "<group>";
		};
		BA53E4E3222D9EED00C65890 /* LaunchScreen.storyboard */ = {
			isa = PBXVariantGroup;
			children = (
				BA53E4E4222D9EED00C65890 /* Base */,
			);
			name = LaunchScreen.storyboard;
			sourceTree = "<group>";
		};
/* End PBXVariantGroup section */

/* Begin XCBuildConfiguration section */
		BA53E4FD222D9EED00C65890 /* Debug */ = {
			isa = XCBuildConfiguration;
			buildSettings = {
				ALWAYS_SEARCH_USER_PATHS = NO;
				CLANG_ANALYZER_NONNULL = YES;
				CLANG_ANALYZER_NUMBER_OBJECT_CONVERSION = YES_AGGRESSIVE;
				CLANG_CXX_LANGUAGE_STANDARD = "gnu++14";
				CLANG_CXX_LIBRARY = "libc++";
				CLANG_ENABLE_MODULES = YES;
				CLANG_ENABLE_OBJC_ARC = YES;
				CLANG_ENABLE_OBJC_WEAK = YES;
				CLANG_WARN_BLOCK_CAPTURE_AUTORELEASING = YES;
				CLANG_WARN_BOOL_CONVERSION = YES;
				CLANG_WARN_COMMA = YES;
				CLANG_WARN_CONSTANT_CONVERSION = YES;
				CLANG_WARN_DEPRECATED_OBJC_IMPLEMENTATIONS = YES;
				CLANG_WARN_DIRECT_OBJC_ISA_USAGE = YES_ERROR;
				CLANG_WARN_DOCUMENTATION_COMMENTS = YES;
				CLANG_WARN_EMPTY_BODY = YES;
				CLANG_WARN_ENUM_CONVERSION = YES;
				CLANG_WARN_INFINITE_RECURSION = YES;
				CLANG_WARN_INT_CONVERSION = YES;
				CLANG_WARN_NON_LITERAL_NULL_CONVERSION = YES;
				CLANG_WARN_OBJC_IMPLICIT_RETAIN_SELF = YES;
				CLANG_WARN_OBJC_LITERAL_CONVERSION = YES;
				CLANG_WARN_OBJC_ROOT_CLASS = YES_ERROR;
				CLANG_WARN_RANGE_LOOP_ANALYSIS = YES;
				CLANG_WARN_STRICT_PROTOTYPES = YES;
				CLANG_WARN_SUSPICIOUS_MOVE = YES;
				CLANG_WARN_UNGUARDED_AVAILABILITY = YES_AGGRESSIVE;
				CLANG_WARN_UNREACHABLE_CODE = YES;
				CLANG_WARN__DUPLICATE_METHOD_MATCH = YES;
				CODE_SIGN_IDENTITY = "iPhone Developer";
				COPY_PHASE_STRIP = NO;
				DEBUG_INFORMATION_FORMAT = dwarf;
				ENABLE_STRICT_OBJC_MSGSEND = YES;
				ENABLE_TESTABILITY = YES;
				GCC_C_LANGUAGE_STANDARD = gnu11;
				GCC_DYNAMIC_NO_PIC = NO;
				GCC_NO_COMMON_BLOCKS = YES;
				GCC_OPTIMIZATION_LEVEL = 0;
				GCC_PREPROCESSOR_DEFINITIONS = (
					"DEBUG=1",
					"$(inherited)",
				);
				GCC_WARN_64_TO_32_BIT_CONVERSION = YES;
				GCC_WARN_ABOUT_RETURN_TYPE = YES_ERROR;
				GCC_WARN_UNDECLARED_SELECTOR = YES;
				GCC_WARN_UNINITIALIZED_AUTOS = YES_AGGRESSIVE;
				GCC_WARN_UNUSED_FUNCTION = YES;
				GCC_WARN_UNUSED_VARIABLE = YES;
				IPHONEOS_DEPLOYMENT_TARGET = 12.1;
				MTL_ENABLE_DEBUG_INFO = INCLUDE_SOURCE;
				MTL_FAST_MATH = YES;
				ONLY_ACTIVE_ARCH = YES;
				SDKROOT = iphoneos;
				SWIFT_ACTIVE_COMPILATION_CONDITIONS = DEBUG;
				SWIFT_OPTIMIZATION_LEVEL = "-Onone";
			};
			name = Debug;
		};
		BA53E4FE222D9EED00C65890 /* Release */ = {
			isa = XCBuildConfiguration;
			buildSettings = {
				ALWAYS_SEARCH_USER_PATHS = NO;
				CLANG_ANALYZER_NONNULL = YES;
				CLANG_ANALYZER_NUMBER_OBJECT_CONVERSION = YES_AGGRESSIVE;
				CLANG_CXX_LANGUAGE_STANDARD = "gnu++14";
				CLANG_CXX_LIBRARY = "libc++";
				CLANG_ENABLE_MODULES = YES;
				CLANG_ENABLE_OBJC_ARC = YES;
				CLANG_ENABLE_OBJC_WEAK = YES;
				CLANG_WARN_BLOCK_CAPTURE_AUTORELEASING = YES;
				CLANG_WARN_BOOL_CONVERSION = YES;
				CLANG_WARN_COMMA = YES;
				CLANG_WARN_CONSTANT_CONVERSION = YES;
				CLANG_WARN_DEPRECATED_OBJC_IMPLEMENTATIONS = YES;
				CLANG_WARN_DIRECT_OBJC_ISA_USAGE = YES_ERROR;
				CLANG_WARN_DOCUMENTATION_COMMENTS = YES;
				CLANG_WARN_EMPTY_BODY = YES;
				CLANG_WARN_ENUM_CONVERSION = YES;
				CLANG_WARN_INFINITE_RECURSION = YES;
				CLANG_WARN_INT_CONVERSION = YES;
				CLANG_WARN_NON_LITERAL_NULL_CONVERSION = YES;
				CLANG_WARN_OBJC_IMPLICIT_RETAIN_SELF = YES;
				CLANG_WARN_OBJC_LITERAL_CONVERSION = YES;
				CLANG_WARN_OBJC_ROOT_CLASS = YES_ERROR;
				CLANG_WARN_RANGE_LOOP_ANALYSIS = YES;
				CLANG_WARN_STRICT_PROTOTYPES = YES;
				CLANG_WARN_SUSPICIOUS_MOVE = YES;
				CLANG_WARN_UNGUARDED_AVAILABILITY = YES_AGGRESSIVE;
				CLANG_WARN_UNREACHABLE_CODE = YES;
				CLANG_WARN__DUPLICATE_METHOD_MATCH = YES;
				CODE_SIGN_IDENTITY = "iPhone Developer";
				COPY_PHASE_STRIP = NO;
				DEBUG_INFORMATION_FORMAT = "dwarf-with-dsym";
				ENABLE_NS_ASSERTIONS = NO;
				ENABLE_STRICT_OBJC_MSGSEND = YES;
				GCC_C_LANGUAGE_STANDARD = gnu11;
				GCC_NO_COMMON_BLOCKS = YES;
				GCC_WARN_64_TO_32_BIT_CONVERSION = YES;
				GCC_WARN_ABOUT_RETURN_TYPE = YES_ERROR;
				GCC_WARN_UNDECLARED_SELECTOR = YES;
				GCC_WARN_UNINITIALIZED_AUTOS = YES_AGGRESSIVE;
				GCC_WARN_UNUSED_FUNCTION = YES;
				GCC_WARN_UNUSED_VARIABLE = YES;
				IPHONEOS_DEPLOYMENT_TARGET = 12.1;
				MTL_ENABLE_DEBUG_INFO = NO;
				MTL_FAST_MATH = YES;
				SDKROOT = iphoneos;
				SWIFT_COMPILATION_MODE = wholemodule;
				SWIFT_OPTIMIZATION_LEVEL = "-O";
				VALIDATE_PRODUCT = YES;
			};
			name = Release;
		};
		BA53E500222D9EED00C65890 /* Debug */ = {
			isa = XCBuildConfiguration;
			buildSettings = {
				ASSETCATALOG_COMPILER_APPICON_NAME = AppIcon;
				ASSETCATALOG_COMPILER_LAUNCHIMAGE_NAME = LaunchImage;
				CODE_SIGN_STYLE = Automatic;
				DEVELOPMENT_TEAM = CWWDC9SLJF;
				INFOPLIST_FILE = Dicee/Info.plist;
				LD_RUNPATH_SEARCH_PATHS = (
					"$(inherited)",
					"@executable_path/Frameworks",
				);
				PRODUCT_BUNDLE_IDENTIFIER = com.ceolsen.Dicee;
				PRODUCT_NAME = "$(TARGET_NAME)";
				SWIFT_VERSION = 5.0;
				TARGETED_DEVICE_FAMILY = 1;
			};
			name = Debug;
		};
		BA53E501222D9EED00C65890 /* Release */ = {
			isa = XCBuildConfiguration;
			buildSettings = {
				ASSETCATALOG_COMPILER_APPICON_NAME = AppIcon;
				ASSETCATALOG_COMPILER_LAUNCHIMAGE_NAME = LaunchImage;
				CODE_SIGN_STYLE = Automatic;
				DEVELOPMENT_TEAM = CWWDC9SLJF;
				INFOPLIST_FILE = Dicee/Info.plist;
				LD_RUNPATH_SEARCH_PATHS = (
					"$(inherited)",
					"@executable_path/Frameworks",
				);
				PRODUCT_BUNDLE_IDENTIFIER = com.ceolsen.Dicee;
				PRODUCT_NAME = "$(TARGET_NAME)";
				SWIFT_VERSION = 5.0;
				TARGETED_DEVICE_FAMILY = 1;
			};
			name = Release;
		};
		BA53E503222D9EED00C65890 /* Debug */ = {
			isa = XCBuildConfiguration;
			buildSettings = {
				ALWAYS_EMBED_SWIFT_STANDARD_LIBRARIES = YES;
				BUNDLE_LOADER = "$(TEST_HOST)";
				CODE_SIGN_STYLE = Automatic;
				DEVELOPMENT_TEAM = CWWDC9SLJF;
				INFOPLIST_FILE = DiceeTests/Info.plist;
				LD_RUNPATH_SEARCH_PATHS = (
					"$(inherited)",
					"@executable_path/Frameworks",
					"@loader_path/Frameworks",
				);
				PRODUCT_BUNDLE_IDENTIFIER = com.ceolsen.DiceeTests;
				PRODUCT_NAME = "$(TARGET_NAME)";
				SWIFT_VERSION = 5.0;
				TARGETED_DEVICE_FAMILY = "1,2";
				TEST_HOST = "$(BUILT_PRODUCTS_DIR)/Dicee.app/Dicee";
			};
			name = Debug;
		};
		BA53E504222D9EED00C65890 /* Release */ = {
			isa = XCBuildConfiguration;
			buildSettings = {
				ALWAYS_EMBED_SWIFT_STANDARD_LIBRARIES = YES;
				BUNDLE_LOADER = "$(TEST_HOST)";
				CODE_SIGN_STYLE = Automatic;
				DEVELOPMENT_TEAM = CWWDC9SLJF;
				INFOPLIST_FILE = DiceeTests/Info.plist;
				LD_RUNPATH_SEARCH_PATHS = (
					"$(inherited)",
					"@executable_path/Frameworks",
					"@loader_path/Frameworks",
				);
				PRODUCT_BUNDLE_IDENTIFIER = com.ceolsen.DiceeTests;
				PRODUCT_NAME = "$(TARGET_NAME)";
				SWIFT_VERSION = 5.0;
				TARGETED_DEVICE_FAMILY = "1,2";
				TEST_HOST = "$(BUILT_PRODUCTS_DIR)/Dicee.app/Dicee";
			};
			name = Release;
		};
		BA53E506222D9EED00C65890 /* Debug */ = {
			isa = XCBuildConfiguration;
			buildSettings = {
				ALWAYS_EMBED_SWIFT_STANDARD_LIBRARIES = YES;
				CODE_SIGN_STYLE = Automatic;
				DEVELOPMENT_TEAM = CWWDC9SLJF;
				INFOPLIST_FILE = DiceeUITests/Info.plist;
				LD_RUNPATH_SEARCH_PATHS = (
					"$(inherited)",
					"@executable_path/Frameworks",
					"@loader_path/Frameworks",
				);
				PRODUCT_BUNDLE_IDENTIFIER = com.ceolsen.DiceeUITests;
				PRODUCT_NAME = "$(TARGET_NAME)";
				SWIFT_VERSION = 5.0;
				TARGETED_DEVICE_FAMILY = "1,2";
				TEST_TARGET_NAME = Dicee;
			};
			name = Debug;
		};
		BA53E507222D9EED00C65890 /* Release */ = {
			isa = XCBuildConfiguration;
			buildSettings = {
				ALWAYS_EMBED_SWIFT_STANDARD_LIBRARIES = YES;
				CODE_SIGN_STYLE = Automatic;
				DEVELOPMENT_TEAM = CWWDC9SLJF;
				INFOPLIST_FILE = DiceeUITests/Info.plist;
				LD_RUNPATH_SEARCH_PATHS = (
					"$(inherited)",
					"@executable_path/Frameworks",
					"@loader_path/Frameworks",
				);
				PRODUCT_BUNDLE_IDENTIFIER = com.ceolsen.DiceeUITests;
				PRODUCT_NAME = "$(TARGET_NAME)";
				SWIFT_VERSION = 5.0;
				TARGETED_DEVICE_FAMILY = "1,2";
				TEST_TARGET_NAME = Dicee;
			};
			name = Release;
		};
/* End XCBuildConfiguration section */

/* Begin XCConfigurationList section */
		BA53E4D2222D9EEB00C65890 /* Build configuration list for PBXProject "Dicee" */ = {
			isa = XCConfigurationList;
			buildConfigurations = (
				BA53E4FD222D9EED00C65890 /* Debug */,
				BA53E4FE222D9EED00C65890 /* Release */,
			);
			defaultConfigurationIsVisible = 0;
			defaultConfigurationName = Release;
		};
		BA53E4FF222D9EED00C65890 /* Build configuration list for PBXNativeTarget "Dicee" */ = {
			isa = XCConfigurationList;
			buildConfigurations = (
				BA53E500222D9EED00C65890 /* Debug */,
				BA53E501222D9EED00C65890 /* Release */,
			);
			defaultConfigurationIsVisible = 0;
			defaultConfigurationName = Release;
		};
		BA53E502222D9EED00C65890 /* Build configuration list for PBXNativeTarget "DiceeTests" */ = {
			isa = XCConfigurationList;
			buildConfigurations = (
				BA53E503222D9EED00C65890 /* Debug */,
				BA53E504222D9EED00C65890 /* Release */,
			);
			defaultConfigurationIsVisible = 0;
			defaultConfigurationName = Release;
		};
		BA53E505222D9EED00C65890 /* Build configuration list for PBXNativeTarget "DiceeUITests" */ = {
			isa = XCConfigurationList;
			buildConfigurations = (
				BA53E506222D9EED00C65890 /* Debug */,
				BA53E507222D9EED00C65890 /* Release */,
			);
			defaultConfigurationIsVisible = 0;
			defaultConfigurationName = Release;
		};
/* End XCConfigurationList section */
	};
	rootObject = BA53E4CF222D9EEB00C65890 /* Project object */;
}
